
Microsoft Visual Studio Solution File, Format Version 12.00
Project("{FAE04EC0-301F-11D3-BF4B-00C04F79EFBC}") = "UrlShortenerServer", "UrlShortenerServer\UrlShortenerServer.csproj", "{A0AEA9DF-BB28-4D7B-B156-2F8F4F90484C}"
EndProject
Global
	GlobalSection(SolutionConfigurationPlatforms) = preSolution
		Debug|Any CPU = Debug|Any CPU
		Release|Any CPU = Release|Any CPU
	EndGlobalSection
	GlobalSection(ProjectConfigurationPlatforms) = postSolution
		{A0AEA9DF-BB28-4D7B-B156-2F8F4F90484C}.Debug|Any CPU.ActiveCfg = Debug|Any CPU
		{A0AEA9DF-BB28-4D7B-B156-2F8F4F90484C}.Debug|Any CPU.Build.0 = Debug|Any CPU
		{A0AEA9DF-BB28-4D7B-B156-2F8F4F90484C}.Release|Any CPU.ActiveCfg = Release|Any CPU
		{A0AEA9DF-BB28-4D7B-B156-2F8F4F90484C}.Release|Any CPU.Build.0 = Release|Any CPU
	EndGlobalSection
EndGlobal
